
Microsoft Visual Studio Solution File, Format Version 12.00
# Visual Studio Version 17
VisualStudioVersion = 17.8.34322.80
MinimumVisualStudioVersion = 10.0.40219.1
Project("{FAE04EC0-301F-11D3-BF4B-00C04F79EFBC}") = "SmartSchool.API", "SmartSchool.API\SmartSchool.API.csproj", "{8D0E4621-A22C-42CE-A025-7BDFC2ADC930}"
EndProject
Global
	GlobalSection(SolutionConfigurationPlatforms) = preSolution
		Debug|Any CPU = Debug|Any CPU
		Release|Any CPU = Release|Any CPU
	EndGlobalSection
	GlobalSection(ProjectConfigurationPlatforms) = postSolution
		{8D0E4621-A22C-42CE-A025-7BDFC2ADC930}.Debug|Any CPU.ActiveCfg = Debug|Any CPU
		{8D0E4621-A22C-42CE-A025-7BDFC2ADC930}.Debug|Any CPU.Build.0 = Debug|Any CPU
		{8D0E4621-A22C-42CE-A025-7BDFC2ADC930}.Release|Any CPU.ActiveCfg = Release|Any CPU
		{8D0E4621-A22C-42CE-A025-7BDFC2ADC930}.Release|Any CPU.Build.0 = Release|Any CPU
	EndGlobalSection
	GlobalSection(SolutionProperties) = preSolution
		HideSolutionNode = FALSE
	EndGlobalSection
	GlobalSection(ExtensibilityGlobals) = postSolution
		SolutionGuid = {5CB82322-FFC9-498D-AF29-5BD2D515C315}
	EndGlobalSection
EndGlobal
